
Microsoft Visual Studio Solution File, Format Version 12.00
Project("{F2A71F9B-5D33-465A-A702-920D77279786}") = "day01", "day01\day01.fsproj", "{35C64CB4-3787-4C27-BDDC-786596E765E6}"
EndProject
Project("{F2A71F9B-5D33-465A-A702-920D77279786}") = "utils", "utils\utils.fsproj", "{C9BEEA02-DE77-4DF6-B058-2CE1B3B261F9}"
EndProject
Project("{F2A71F9B-5D33-465A-A702-920D77279786}") = "day02", "day02\day02.fsproj", "{73F05FE8-3E53-4E70-B25E-33DBA43F0AC4}"
EndProject
Project("{F2A71F9B-5D33-465A-A702-920D77279786}") = "day03", "day03\day03.fsproj", "{CCB5DB2A-CD4B-4E82-8B99-56CBD57F8E33}"
EndProject
Project("{F2A71F9B-5D33-465A-A702-920D77279786}") = "day04", "day04\day04.fsproj", "{A76397B5-22C9-4CEC-9DDD-2BD9BDD26DE5}"
EndProject
Project("{F2A71F9B-5D33-465A-A702-920D77279786}") = "day05", "day05\day05.fsproj", "{4DD0B793-B4A7-40DF-A776-B778523CDF2B}"
EndProject
Project("{F2A71F9B-5D33-465A-A702-920D77279786}") = "day06", "day06\day06.fsproj", "{46BECF69-31DC-44A9-9635-1D90628AC09F}"
EndProject
Project("{F2A71F9B-5D33-465A-A702-920D77279786}") = "testing", "testing\testing.fsproj", "{691F2D22-708B-4876-B83D-BC37BD332827}"
EndProject
Project("{F2A71F9B-5D33-465A-A702-920D77279786}") = "day07", "day07\day07.fsproj", "{9F4149BB-F029-48C5-AB13-8C796E6B63A2}"
EndProject
Project("{F2A71F9B-5D33-465A-A702-920D77279786}") = "day08", "day08\day08.fsproj", "{C486FDEE-EB05-46CC-A521-91F8FD988C86}"
EndProject
Project("{F2A71F9B-5D33-465A-A702-920D77279786}") = "day09", "day09\day09.fsproj", "{E29FBDFC-DC78-492E-95CC-798940DFEAFA}"
EndProject
Project("{F2A71F9B-5D33-465A-A702-920D77279786}") = "day10", "day10\day10.fsproj", "{9BCC3281-B5F7-4912-A3DE-59A3A7740E81}"
EndProject
Global
	GlobalSection(SolutionConfigurationPlatforms) = preSolution
		Debug|Any CPU = Debug|Any CPU
		Release|Any CPU = Release|Any CPU
	EndGlobalSection
	GlobalSection(ProjectConfigurationPlatforms) = postSolution
		{35C64CB4-3787-4C27-BDDC-786596E765E6}.Debug|Any CPU.ActiveCfg = Debug|Any CPU
		{35C64CB4-3787-4C27-BDDC-786596E765E6}.Debug|Any CPU.Build.0 = Debug|Any CPU
		{35C64CB4-3787-4C27-BDDC-786596E765E6}.Release|Any CPU.ActiveCfg = Release|Any CPU
		{35C64CB4-3787-4C27-BDDC-786596E765E6}.Release|Any CPU.Build.0 = Release|Any CPU
		{C9BEEA02-DE77-4DF6-B058-2CE1B3B261F9}.Debug|Any CPU.ActiveCfg = Debug|Any CPU
		{C9BEEA02-DE77-4DF6-B058-2CE1B3B261F9}.Debug|Any CPU.Build.0 = Debug|Any CPU
		{C9BEEA02-DE77-4DF6-B058-2CE1B3B261F9}.Release|Any CPU.ActiveCfg = Release|Any CPU
		{C9BEEA02-DE77-4DF6-B058-2CE1B3B261F9}.Release|Any CPU.Build.0 = Release|Any CPU
		{73F05FE8-3E53-4E70-B25E-33DBA43F0AC4}.Debug|Any CPU.ActiveCfg = Debug|Any CPU
		{73F05FE8-3E53-4E70-B25E-33DBA43F0AC4}.Debug|Any CPU.Build.0 = Debug|Any CPU
		{73F05FE8-3E53-4E70-B25E-33DBA43F0AC4}.Release|Any CPU.ActiveCfg = Release|Any CPU
		{73F05FE8-3E53-4E70-B25E-33DBA43F0AC4}.Release|Any CPU.Build.0 = Release|Any CPU
		{CCB5DB2A-CD4B-4E82-8B99-56CBD57F8E33}.Debug|Any CPU.ActiveCfg = Debug|Any CPU
		{CCB5DB2A-CD4B-4E82-8B99-56CBD57F8E33}.Debug|Any CPU.Build.0 = Debug|Any CPU
		{CCB5DB2A-CD4B-4E82-8B99-56CBD57F8E33}.Release|Any CPU.ActiveCfg = Release|Any CPU
		{CCB5DB2A-CD4B-4E82-8B99-56CBD57F8E33}.Release|Any CPU.Build.0 = Release|Any CPU
		{A76397B5-22C9-4CEC-9DDD-2BD9BDD26DE5}.Debug|Any CPU.ActiveCfg = Debug|Any CPU
		{A76397B5-22C9-4CEC-9DDD-2BD9BDD26DE5}.Debug|Any CPU.Build.0 = Debug|Any CPU
		{A76397B5-22C9-4CEC-9DDD-2BD9BDD26DE5}.Release|Any CPU.ActiveCfg = Release|Any CPU
		{A76397B5-22C9-4CEC-9DDD-2BD9BDD26DE5}.Release|Any CPU.Build.0 = Release|Any CPU
		{4DD0B793-B4A7-40DF-A776-B778523CDF2B}.Debug|Any CPU.ActiveCfg = Debug|Any CPU
		{4DD0B793-B4A7-40DF-A776-B778523CDF2B}.Debug|Any CPU.Build.0 = Debug|Any CPU
		{4DD0B793-B4A7-40DF-A776-B778523CDF2B}.Release|Any CPU.ActiveCfg = Release|Any CPU
		{4DD0B793-B4A7-40DF-A776-B778523CDF2B}.Release|Any CPU.Build.0 = Release|Any CPU
		{46BECF69-31DC-44A9-9635-1D90628AC09F}.Debug|Any CPU.ActiveCfg = Debug|Any CPU
		{46BECF69-31DC-44A9-9635-1D90628AC09F}.Debug|Any CPU.Build.0 = Debug|Any CPU
		{46BECF69-31DC-44A9-9635-1D90628AC09F}.Release|Any CPU.ActiveCfg = Release|Any CPU
		{46BECF69-31DC-44A9-9635-1D90628AC09F}.Release|Any CPU.Build.0 = Release|Any CPU
		{691F2D22-708B-4876-B83D-BC37BD332827}.Debug|Any CPU.ActiveCfg = Debug|Any CPU
		{691F2D22-708B-4876-B83D-BC37BD332827}.Debug|Any CPU.Build.0 = Debug|Any CPU
		{691F2D22-708B-4876-B83D-BC37BD332827}.Release|Any CPU.ActiveCfg = Release|Any CPU
		{691F2D22-708B-4876-B83D-BC37BD332827}.Release|Any CPU.Build.0 = Release|Any CPU
		{9F4149BB-F029-48C5-AB13-8C796E6B63A2}.Debug|Any CPU.ActiveCfg = Debug|Any CPU
		{9F4149BB-F029-48C5-AB13-8C796E6B63A2}.Debug|Any CPU.Build.0 = Debug|Any CPU
		{9F4149BB-F029-48C5-AB13-8C796E6B63A2}.Release|Any CPU.ActiveCfg = Release|Any CPU
		{9F4149BB-F029-48C5-AB13-8C796E6B63A2}.Release|Any CPU.Build.0 = Release|Any CPU
		{C486FDEE-EB05-46CC-A521-91F8FD988C86}.Debug|Any CPU.ActiveCfg = Debug|Any CPU
		{C486FDEE-EB05-46CC-A521-91F8FD988C86}.Debug|Any CPU.Build.0 = Debug|Any CPU
		{C486FDEE-EB05-46CC-A521-91F8FD988C86}.Release|Any CPU.ActiveCfg = Release|Any CPU
		{C486FDEE-EB05-46CC-A521-91F8FD988C86}.Release|Any CPU.Build.0 = Release|Any CPU
		{E29FBDFC-DC78-492E-95CC-798940DFEAFA}.Debug|Any CPU.ActiveCfg = Debug|Any CPU
		{E29FBDFC-DC78-492E-95CC-798940DFEAFA}.Debug|Any CPU.Build.0 = Debug|Any CPU
		{E29FBDFC-DC78-492E-95CC-798940DFEAFA}.Release|Any CPU.ActiveCfg = Release|Any CPU
		{E29FBDFC-DC78-492E-95CC-798940DFEAFA}.Release|Any CPU.Build.0 = Release|Any CPU
		{9BCC3281-B5F7-4912-A3DE-59A3A7740E81}.Debug|Any CPU.ActiveCfg = Debug|Any CPU
		{9BCC3281-B5F7-4912-A3DE-59A3A7740E81}.Debug|Any CPU.Build.0 = Debug|Any CPU
		{9BCC3281-B5F7-4912-A3DE-59A3A7740E81}.Release|Any CPU.ActiveCfg = Release|Any CPU
		{9BCC3281-B5F7-4912-A3DE-59A3A7740E81}.Release|Any CPU.Build.0 = Release|Any CPU
	EndGlobalSection
	GlobalSection(NestedProjects) = preSolution
	EndGlobalSection
EndGlobal
